
Microsoft Visual Studio Solution File, Format Version 12.00
# Visual Studio Version 16
VisualStudioVersion = 16.0.30711.63
MinimumVisualStudioVersion = 10.0.40219.1
Project("{FAE04EC0-301F-11D3-BF4B-00C04F79EFBC}") = "SusGrpc", "SusGrpc\SusGrpc.csproj", "{7A98DCEC-C4F9-4F23-906B-5D5D9D979D1B}"
EndProject
Global
	GlobalSection(SolutionConfigurationPlatforms) = preSolution
		Debug|Any CPU = Debug|Any CPU
		Release|Any CPU = Release|Any CPU
	EndGlobalSection
	GlobalSection(ProjectConfigurationPlatforms) = postSolution
		{7A98DCEC-C4F9-4F23-906B-5D5D9D979D1B}.Debug|Any CPU.ActiveCfg = Debug|Any CPU
		{7A98DCEC-C4F9-4F23-906B-5D5D9D979D1B}.Debug|Any CPU.Build.0 = Debug|Any CPU
		{7A98DCEC-C4F9-4F23-906B-5D5D9D979D1B}.Release|Any CPU.ActiveCfg = Release|Any CPU
		{7A98DCEC-C4F9-4F23-906B-5D5D9D979D1B}.Release|Any CPU.Build.0 = Release|Any CPU
	EndGlobalSection
	GlobalSection(SolutionProperties) = preSolution
		HideSolutionNode = FALSE
	EndGlobalSection
	GlobalSection(ExtensibilityGlobals) = postSolution
		SolutionGuid = {6C21AC5C-599B-4CC2-9579-E1362A4BA2BC}
	EndGlobalSection
EndGlobal
